
Microsoft Visual Studio Solution File, Format Version 12.00
# Visual Studio Version 17
VisualStudioVersion = 17.12.35527.113
MinimumVisualStudioVersion = 10.0.40219.1
Project("{FAE04EC0-301F-11D3-BF4B-00C04F79EFBC}") = "Web", "Web.csproj", "{0FDBAAA2-9898-4519-BF9A-62DCFEFC180E}"
EndProject
Project("{FAE04EC0-301F-11D3-BF4B-00C04F79EFBC}") = "Model", "..\Model\Model.csproj", "{D037EEAE-7D39-49F9-B84E-D5A846089A93}"
EndProject
Project("{FAE04EC0-301F-11D3-BF4B-00C04F79EFBC}") = "Service", "..\Service\Service.csproj", "{D33E939B-14DA-422B-AEBB-250FC5D818B9}"
EndProject
Global
	GlobalSection(SolutionConfigurationPlatforms) = preSolution
		Debug|Any CPU = Debug|Any CPU
		Release|Any CPU = Release|Any CPU
	EndGlobalSection
	GlobalSection(ProjectConfigurationPlatforms) = postSolution
		{0FDBAAA2-9898-4519-BF9A-62DCFEFC180E}.Debug|Any CPU.ActiveCfg = Debug|Any CPU
		{0FDBAAA2-9898-4519-BF9A-62DCFEFC180E}.Debug|Any CPU.Build.0 = Debug|Any CPU
		{0FDBAAA2-9898-4519-BF9A-62DCFEFC180E}.Release|Any CPU.ActiveCfg = Release|Any CPU
		{0FDBAAA2-9898-4519-BF9A-62DCFEFC180E}.Release|Any CPU.Build.0 = Release|Any CPU
		{D037EEAE-7D39-49F9-B84E-D5A846089A93}.Debug|Any CPU.ActiveCfg = Debug|Any CPU
		{D037EEAE-7D39-49F9-B84E-D5A846089A93}.Debug|Any CPU.Build.0 = Debug|Any CPU
		{D037EEAE-7D39-49F9-B84E-D5A846089A93}.Release|Any CPU.ActiveCfg = Release|Any CPU
		{D037EEAE-7D39-49F9-B84E-D5A846089A93}.Release|Any CPU.Build.0 = Release|Any CPU
		{D33E939B-14DA-422B-AEBB-250FC5D818B9}.Debug|Any CPU.ActiveCfg = Debug|Any CPU
		{D33E939B-14DA-422B-AEBB-250FC5D818B9}.Debug|Any CPU.Build.0 = Debug|Any CPU
		{D33E939B-14DA-422B-AEBB-250FC5D818B9}.Release|Any CPU.ActiveCfg = Release|Any CPU
		{D33E939B-14DA-422B-AEBB-250FC5D818B9}.Release|Any CPU.Build.0 = Release|Any CPU
	EndGlobalSection
	GlobalSection(SolutionProperties) = preSolution
		HideSolutionNode = FALSE
	EndGlobalSection
EndGlobal
